{
  "lockfileVersion": 1,
  "configVersion": 1,
  "workspaces": {
    "": {
      "name": "hraness-skillpack",
      "devDependencies": {
        "@hraness/support-foundation": "github:hraness/support-foundation#ed89e584c2c420e3e0547bbe8f32baf8e3a2ae4d",
      },
    },
  },
  "packages": {
    "@hraness/support-foundation": ["@hraness/support-foundation@github:hraness/support-foundation#ed89e58", {}, "hraness-support-foundation-ed89e58", "sha512-coc1EedClcs0ZweGOp8+iu4ICMY11NGAbXWKFdTSIzcj6MjrHN3AyjNU1HfeA8WZ2IQLTcXuJbG4JmH3nfZ1mQ=="],
  }
}
